// !$*UTF8*$!
{
	archiveVersion = 1;
	classes = {
	};
	objectVersion = 51;
	objects = {

/* Begin PBXBuildFile section */
		0EB0EDE0FD8418C6A2E35AB7 /* Pods_MyPlaces.framework in Frameworks */ = {isa = PBXBuildFile; fileRef = 3782DAEF1E2CEF7DF52DDAD4 /* Pods_MyPlaces.framework */; };
		66071C2A239D7EFB0047096C /* CloudKit.framework in Frameworks */ = {isa = PBXBuildFile; fileRef = 66071C29239D7EFB0047096C /* CloudKit.framework */; };
		66071C2C239D860B0047096C /* CloudManager.swift in Sources */ = {isa = PBXBuildFile; fileRef = 66071C2B239D860B0047096C /* CloudManager.swift */; };
		661CE739235E30BD00976967 /* MapViewController.swift in Sources */ = {isa = PBXBuildFile; fileRef = 661CE738235E30BD00976967 /* MapViewController.swift */; };
		665F09B02364D112001093A6 /* MapManager.swift in Sources */ = {isa = PBXBuildFile; fileRef = 665F09AF2364D112001093A6 /* MapManager.swift */; };
		665F1D4B234680EE007B0C25 /* StorageManager.swift in Sources */ = {isa = PBXBuildFile; fileRef = 665F1D4A234680EE007B0C25 /* StorageManager.swift */; };
		668FB91C23413AB4006C70A1 /* AppDelegate.swift in Sources */ = {isa = PBXBuildFile; fileRef = 668FB91B23413AB4006C70A1 /* AppDelegate.swift */; };
		668FB91E23413AB4006C70A1 /* SceneDelegate.swift in Sources */ = {isa = PBXBuildFile; fileRef = 668FB91D23413AB4006C70A1 /* SceneDelegate.swift */; };
		668FB92523413AB5006C70A1 /* Assets.xcassets in Resources */ = {isa = PBXBuildFile; fileRef = 668FB92423413AB5006C70A1 /* Assets.xcassets */; };
		668FB92823413AB5006C70A1 /* LaunchScreen.storyboard in Resources */ = {isa = PBXBuildFile; fileRef = 668FB92623413AB5006C70A1 /* LaunchScreen.storyboard */; };
		668FB93023413B54006C70A1 /* MainViewController.swift in Sources */ = {isa = PBXBuildFile; fileRef = 668FB92F23413B54006C70A1 /* MainViewController.swift */; };
		66AEA611235B22A6003AE9B9 /* RatingControl.swift in Sources */ = {isa = PBXBuildFile; fileRef = 66AEA610235B22A6003AE9B9 /* RatingControl.swift */; };
		66DF0CA7234368A600EA2852 /* Main.storyboard in Resources */ = {isa = PBXBuildFile; fileRef = 66DF0CA6234368A600EA2852 /* Main.storyboard */; };
		66DF0CA923436BAF00EA2852 /* CustomTableViewCell.swift in Sources */ = {isa = PBXBuildFile; fileRef = 66DF0CA823436BAF00EA2852 /* CustomTableViewCell.swift */; };
		66DF0CAB23437D4200EA2852 /* PlaceModel.swift in Sources */ = {isa = PBXBuildFile; fileRef = 66DF0CAA23437D4200EA2852 /* PlaceModel.swift */; };
		66DF0CAD2343A4EE00EA2852 /* NewPlaceViewController.swift in Sources */ = {isa = PBXBuildFile; fileRef = 66DF0CAC2343A4EE00EA2852 /* NewPlaceViewController.swift */; };
/* End PBXBuildFile section */

/* Begin PBXFileReference section */
		3782DAEF1E2CEF7DF52DDAD4 /* Pods_MyPlaces.framework */ = {isa = PBXFileReference; explicitFileType = wrapper.framework; includeInIndex = 0; path = Pods_MyPlaces.framework; sourceTree = BUILT_PRODUCTS_DIR; };
		566FDA02B66CD97AB7D19252 /* Pods-MyPlaces.release.xcconfig */ = {isa = PBXFileReference; includeInIndex = 1; lastKnownFileType = text.xcconfig; name = "Pods-MyPlaces.release.xcconfig"; path = "Pods/Target Support Files/Pods-MyPlaces/Pods-MyPlaces.release.xcconfig"; sourceTree = "<group>"; };
		66071C28239D7E8F0047096C /* MyPlaces.entitlements */ = {isa = PBXFileReference; lastKnownFileType = text.plist.entitlements; path = MyPlaces.entitlements; sourceTree = "<group>"; };
		66071C29239D7EFB0047096C /* CloudKit.framework */ = {isa = PBXFileReference; lastKnownFileType = wrapper.framework; name = CloudKit.framework; path = System/Library/Frameworks/CloudKit.framework; sourceTree = SDKROOT; };
		66071C2B239D860B0047096C /* CloudManager.swift */ = {isa = PBXFileReference; lastKnownFileType = sourcecode.swift; path = CloudManager.swift; sourceTree = "<group>"; };
		661CE738235E30BD00976967 /* MapViewController.swift */ = {isa = PBXFileReference; lastKnownFileType = sourcecode.swift; path = MapViewController.swift; sourceTree = "<group>"; };
		665F09AF2364D112001093A6 /* MapManager.swift */ = {isa = PBXFileReference; lastKnownFileType = sourcecode.swift; path = MapManager.swift; sourceTree = "<group>"; };
		665F1D4A234680EE007B0C25 /* StorageManager.swift */ = {isa = PBXFileReference; lastKnownFileType = sourcecode.swift; path = StorageManager.swift; sourceTree = "<group>"; };
		668FB91823413AB4006C70A1 /* MyPlaces.app */ = {isa = PBXFileReference; explicitFileType = wrapper.application; includeInIndex = 0; path = MyPlaces.app; sourceTree = BUILT_PRODUCTS_DIR; };
		668FB91B23413AB4006C70A1 /* AppDelegate.swift */ = {isa = PBXFileReference; lastKnownFileType = sourcecode.swift; path = AppDelegate.swift; sourceTree = "<group>"; };
		668FB91D23413AB4006C70A1 /* SceneDelegate.swift */ = {isa = PBXFileReference; lastKnownFileType = sourcecode.swift; path = SceneDelegate.swift; sourceTree = "<group>"; };
		668FB92423413AB5006C70A1 /* Assets.xcassets */ = {isa = PBXFileReference; lastKnownFileType = folder.assetcatalog; path = Assets.xcassets; sourceTree = "<group>"; };
		668FB92723413AB5006C70A1 /* Base */ = {isa = PBXFileReference; lastKnownFileType = file.storyboard; name = Base; path = Base.lproj/LaunchScreen.storyboard; sourceTree = "<group>"; };
		668FB92923413AB5006C70A1 /* Info.plist */ = {isa = PBXFileReference; lastKnownFileType = text.plist.xml; path = Info.plist; sourceTree = "<group>"; };
		668FB92F23413B54006C70A1 /* MainViewController.swift */ = {isa = PBXFileReference; lastKnownFileType = sourcecode.swift; path = MainViewController.swift; sourceTree = "<group>"; };
		66AEA610235B22A6003AE9B9 /* RatingControl.swift */ = {isa = PBXFileReference; lastKnownFileType = sourcecode.swift; path = RatingControl.swift; sourceTree = "<group>"; };
		66DF0CA6234368A600EA2852 /* Main.storyboard */ = {isa = PBXFileReference; lastKnownFileType = file.storyboard; path = Main.storyboard; sourceTree = "<group>"; };
		66DF0CA823436BAF00EA2852 /* CustomTableViewCell.swift */ = {isa = PBXFileReference; lastKnownFileType = sourcecode.swift; path = CustomTableViewCell.swift; sourceTree = "<group>"; };
		66DF0CAA23437D4200EA2852 /* PlaceModel.swift */ = {isa = PBXFileReference; lastKnownFileType = sourcecode.swift; path = PlaceModel.swift; sourceTree = "<group>"; };
		66DF0CAC2343A4EE00EA2852 /* NewPlaceViewController.swift */ = {isa = PBXFileReference; lastKnownFileType = sourcecode.swift; path = NewPlaceViewController.swift; sourceTree = "<group>"; };
		D9F0E44361E4ACFD8C64B1A9 /* Pods-MyPlaces.debug.xcconfig */ = {isa = PBXFileReference; includeInIndex = 1; lastKnownFileType = text.xcconfig; name = "Pods-MyPlaces.debug.xcconfig"; path = "Pods/Target Support Files/Pods-MyPlaces/Pods-MyPlaces.debug.xcconfig"; sourceTree = "<group>"; };
/* End PBXFileReference section */

/* Begin PBXFrameworksBuildPhase section */
		668FB91523413AB4006C70A1 /* Frameworks */ = {
			isa = PBXFrameworksBuildPhase;
			buildActionMask = 2147483647;
			files = (
				0EB0EDE0FD8418C6A2E35AB7 /* Pods_MyPlaces.framework in Frameworks */,
				66071C2A239D7EFB0047096C /* CloudKit.framework in Frameworks */,
			);
			runOnlyForDeploymentPostprocessing = 0;
		};
/* End PBXFrameworksBuildPhase section */

/* Begin PBXGroup section */
		001A09ADA5FE376618DCBCDA /* Frameworks */ = {
			isa = PBXGroup;
			children = (
				66071C29239D7EFB0047096C /* CloudKit.framework */,
				3782DAEF1E2CEF7DF52DDAD4 /* Pods_MyPlaces.framework */,
			);
			name = Frameworks;
			sourceTree = "<group>";
		};
		665F09B12364E94A001093A6 /* ViewControllers */ = {
			isa = PBXGroup;
			children = (
				668FB92F23413B54006C70A1 /* MainViewController.swift */,
				66DF0CAC2343A4EE00EA2852 /* NewPlaceViewController.swift */,
				661CE738235E30BD00976967 /* MapViewController.swift */,
				66DF0CA823436BAF00EA2852 /* CustomTableViewCell.swift */,
			);
			path = ViewControllers;
			sourceTree = "<group>";
		};
		665F09B22364E981001093A6 /* Models */ = {
			isa = PBXGroup;
			children = (
				66DF0CAA23437D4200EA2852 /* PlaceModel.swift */,
			);
			path = Models;
			sourceTree = "<group>";
		};
		665F09B32364E9AC001093A6 /* Helpers */ = {
			isa = PBXGroup;
			children = (
				665F09AF2364D112001093A6 /* MapManager.swift */,
				665F1D4A234680EE007B0C25 /* StorageManager.swift */,
				66AEA610235B22A6003AE9B9 /* RatingControl.swift */,
				66071C2B239D860B0047096C /* CloudManager.swift */,
			);
			path = Helpers;
			sourceTree = "<group>";
		};
		665F09B42364E9DD001093A6 /* Support files */ = {
			isa = PBXGroup;
			children = (
				66071C28239D7E8F0047096C /* MyPlaces.entitlements */,
				668FB91B23413AB4006C70A1 /* AppDelegate.swift */,
				668FB91D23413AB4006C70A1 /* SceneDelegate.swift */,
				668FB92423413AB5006C70A1 /* Assets.xcassets */,
				668FB92923413AB5006C70A1 /* Info.plist */,
			);
			path = "Support files";
			sourceTree = "<group>";
		};
		665F09B52364EA24001093A6 /* IBuilder */ = {
			isa = PBXGroup;
			children = (
				66DF0CA6234368A600EA2852 /* Main.storyboard */,
				668FB92623413AB5006C70A1 /* LaunchScreen.storyboard */,
			);
			path = IBuilder;
			sourceTree = "<group>";
		};
		668FB90F23413AB4006C70A1 = {
			isa = PBXGroup;
			children = (
				668FB91A23413AB4006C70A1 /* MyPlaces */,
				668FB91923413AB4006C70A1 /* Products */,
				9B9E84D3D99C62B0ACEFA943 /* Pods */,
				001A09ADA5FE376618DCBCDA /* Frameworks */,
			);
			sourceTree = "<group>";
		};
		668FB91923413AB4006C70A1 /* Products */ = {
			isa = PBXGroup;
			children = (
				668FB91823413AB4006C70A1 /* MyPlaces.app */,
			);
			name = Products;
			sourceTree = "<group>";
		};
		668FB91A23413AB4006C70A1 /* MyPlaces */ = {
			isa = PBXGroup;
			children = (
				665F09B12364E94A001093A6 /* ViewControllers */,
				665F09B32364E9AC001093A6 /* Helpers */,
				665F09B22364E981001093A6 /* Models */,
				665F09B42364E9DD001093A6 /* Support files */,
				665F09B52364EA24001093A6 /* IBuilder */,
			);
			path = MyPlaces;
			sourceTree = "<group>";
		};
		9B9E84D3D99C62B0ACEFA943 /* Pods */ = {
			isa = PBXGroup;
			children = (
				D9F0E44361E4ACFD8C64B1A9 /* Pods-MyPlaces.debug.xcconfig */,
				566FDA02B66CD97AB7D19252 /* Pods-MyPlaces.release.xcconfig */,
			);
			name = Pods;
			sourceTree = "<group>";
		};
/* End PBXGroup section */

/* Begin PBXNativeTarget section */
		668FB91723413AB4006C70A1 /* MyPlaces */ = {
			isa = PBXNativeTarget;
			buildConfigurationList = 668FB92C23413AB5006C70A1 /* Build configuration list for PBXNativeTarget "MyPlaces" */;
			buildPhases = (
				6CA093A79E98169FC363F7FD /* [CP] Check Pods Manifest.lock */,
				668FB91423413AB4006C70A1 /* Sources */,
				668FB91523413AB4006C70A1 /* Frameworks */,
				668FB91623413AB4006C70A1 /* Resources */,
				7839D50B4CB63636A857F975 /* [CP] Embed Pods Frameworks */,
			);
			buildRules = (
			);
			dependencies = (
			);
			name = MyPlaces;
			productName = MyPlaces;
			productReference = 668FB91823413AB4006C70A1 /* MyPlaces.app */;
			productType = "com.apple.product-type.application";
		};
/* End PBXNativeTarget section */

/* Begin PBXProject section */
		668FB91023413AB4006C70A1 /* Project object */ = {
			isa = PBXProject;
			attributes = {
				LastSwiftUpdateCheck = 1100;
				LastUpgradeCheck = 1100;
				ORGANIZATIONNAME = "Станислав Лемешаев";
				TargetAttributes = {
					668FB91723413AB4006C70A1 = {
						CreatedOnToolsVersion = 11.0;
					};
				};
			};
			buildConfigurationList = 668FB91323413AB4006C70A1 /* Build configuration list for PBXProject "MyPlaces" */;
			compatibilityVersion = "Xcode 9.3";
			developmentRegion = en;
			hasScannedForEncodings = 0;
			knownRegions = (
				en,
				Base,
			);
			mainGroup = 668FB90F23413AB4006C70A1;
			productRefGroup = 668FB91923413AB4006C70A1 /* Products */;
			projectDirPath = "";
			projectRoot = "";
			targets = (
				668FB91723413AB4006C70A1 /* MyPlaces */,
			);
		};
/* End PBXProject section */

/* Begin PBXResourcesBuildPhase section */
		668FB91623413AB4006C70A1 /* Resources */ = {
			isa = PBXResourcesBuildPhase;
			buildActionMask = 2147483647;
			files = (
				66DF0CA7234368A600EA2852 /* Main.storyboard in Resources */,
				668FB92823413AB5006C70A1 /* LaunchScreen.storyboard in Resources */,
				668FB92523413AB5006C70A1 /* Assets.xcassets in Resources */,
			);
			runOnlyForDeploymentPostprocessing = 0;
		};
/* End PBXResourcesBuildPhase section */

/* Begin PBXShellScriptBuildPhase section */
		6CA093A79E98169FC363F7FD /* [CP] Check Pods Manifest.lock */ = {
			isa = PBXShellScriptBuildPhase;
			buildActionMask = 2147483647;
			files = (
			);
			inputPaths = (
				"${PODS_PODFILE_DIR_PATH}/Podfile.lock",
				"${PODS_ROOT}/Manifest.lock",
			);
			name = "[CP] Check Pods Manifest.lock";
			outputPaths = (
				"$(DERIVED_FILE_DIR)/Pods-MyPlaces-checkManifestLockResult.txt",
			);
			runOnlyForDeploymentPostprocessing = 0;
			shellPath = /bin/sh;
			shellScript = "diff \"${PODS_PODFILE_DIR_PATH}/Podfile.lock\" \"${PODS_ROOT}/Manifest.lock\" > /dev/null\nif [ $? != 0 ] ; then\n    # print error to STDERR\n    echo \"error: The sandbox is not in sync with the Podfile.lock. Run 'pod install' or update your CocoaPods installation.\" >&2\n    exit 1\nfi\n# This output is used by Xcode 'outputs' to avoid re-running this script phase.\necho \"SUCCESS\" > \"${SCRIPT_OUTPUT_FILE_0}\"\n";
			showEnvVarsInLog = 0;
		};
		7839D50B4CB63636A857F975 /* [CP] Embed Pods Frameworks */ = {
			isa = PBXShellScriptBuildPhase;
			buildActionMask = 2147483647;
			files = (
			);
			inputFileListPaths = (
				"${PODS_ROOT}/Target Support Files/Pods-MyPlaces/Pods-MyPlaces-frameworks-${CONFIGURATION}-input-files.xcfilelist",
			);
			name = "[CP] Embed Pods Frameworks";
			outputFileListPaths = (
				"${PODS_ROOT}/Target Support Files/Pods-MyPlaces/Pods-MyPlaces-frameworks-${CONFIGURATION}-output-files.xcfilelist",
			);
			runOnlyForDeploymentPostprocessing = 0;
			shellPath = /bin/sh;
			shellScript = "\"${PODS_ROOT}/Target Support Files/Pods-MyPlaces/Pods-MyPlaces-frameworks.sh\"\n";
			showEnvVarsInLog = 0;
		};
/* End PBXShellScriptBuildPhase section */

/* Begin PBXSourcesBuildPhase section */
		668FB91423413AB4006C70A1 /* Sources */ = {
			isa = PBXSourcesBuildPhase;
			buildActionMask = 2147483647;
			files = (
				66071C2C239D860B0047096C /* CloudManager.swift in Sources */,
				668FB93023413B54006C70A1 /* MainViewController.swift in Sources */,
				66DF0CAD2343A4EE00EA2852 /* NewPlaceViewController.swift in Sources */,
				668FB91C23413AB4006C70A1 /* AppDelegate.swift in Sources */,
				665F1D4B234680EE007B0C25 /* StorageManager.swift in Sources */,
				661CE739235E30BD00976967 /* MapViewController.swift in Sources */,
				66AEA611235B22A6003AE9B9 /* RatingControl.swift in Sources */,
				665F09B02364D112001093A6 /* MapManager.swift in Sources */,
				66DF0CAB23437D4200EA2852 /* PlaceModel.swift in Sources */,
				66DF0CA923436BAF00EA2852 /* CustomTableViewCell.swift in Sources */,
				668FB91E23413AB4006C70A1 /* SceneDelegate.swift in Sources */,
			);
			runOnlyForDeploymentPostprocessing = 0;
		};
/* End PBXSourcesBuildPhase section */

/* Begin PBXVariantGroup section */
		668FB92623413AB5006C70A1 /* LaunchScreen.storyboard */ = {
			isa = PBXVariantGroup;
			children = (
				668FB92723413AB5006C70A1 /* Base */,
			);
			name = LaunchScreen.storyboard;
			sourceTree = "<group>";
		};
/* End PBXVariantGroup section */

/* Begin XCBuildConfiguration section */
		668FB92A23413AB5006C70A1 /* Debug */ = {
			isa = XCBuildConfiguration;
			buildSettings = {
				ALWAYS_SEARCH_USER_PATHS = NO;
				CLANG_ANALYZER_NONNULL = YES;
				CLANG_ANALYZER_NUMBER_OBJECT_CONVERSION = YES_AGGRESSIVE;
				CLANG_CXX_LANGUAGE_STANDARD = "gnu++14";
				CLANG_CXX_LIBRARY = "libc++";
				CLANG_ENABLE_MODULES = YES;
				CLANG_ENABLE_OBJC_ARC = YES;
				CLANG_ENABLE_OBJC_WEAK = YES;
				CLANG_WARN_BLOCK_CAPTURE_AUTORELEASING = YES;
				CLANG_WARN_BOOL_CONVERSION = YES;
				CLANG_WARN_COMMA = YES;
				CLANG_WARN_CONSTANT_CONVERSION = YES;
				CLANG_WARN_DEPRECATED_OBJC_IMPLEMENTATIONS = YES;
				CLANG_WARN_DIRECT_OBJC_ISA_USAGE = YES_ERROR;
				CLANG_WARN_DOCUMENTATION_COMMENTS = YES;
				CLANG_WARN_EMPTY_BODY = YES;
				CLANG_WARN_ENUM_CONVERSION = YES;
				CLANG_WARN_INFINITE_RECURSION = YES;
				CLANG_WARN_INT_CONVERSION = YES;
				CLANG_WARN_NON_LITERAL_NULL_CONVERSION = YES;
				CLANG_WARN_OBJC_IMPLICIT_RETAIN_SELF = YES;
				CLANG_WARN_OBJC_LITERAL_CONVERSION = YES;
				CLANG_WARN_OBJC_ROOT_CLASS = YES_ERROR;
				CLANG_WARN_RANGE_LOOP_ANALYSIS = YES;
				CLANG_WARN_STRICT_PROTOTYPES = YES;
				CLANG_WARN_SUSPICIOUS_MOVE = YES;
				CLANG_WARN_UNGUARDED_AVAILABILITY = YES_AGGRESSIVE;
				CLANG_WARN_UNREACHABLE_CODE = YES;
				CLANG_WARN__DUPLICATE_METHOD_MATCH = YES;
				COPY_PHASE_STRIP = NO;
				DEBUG_INFORMATION_FORMAT = dwarf;
				ENABLE_STRICT_OBJC_MSGSEND = YES;
				ENABLE_TESTABILITY = YES;
				GCC_C_LANGUAGE_STANDARD = gnu11;
				GCC_DYNAMIC_NO_PIC = NO;
				GCC_NO_COMMON_BLOCKS = YES;
				GCC_OPTIMIZATION_LEVEL = 0;
				GCC_PREPROCESSOR_DEFINITIONS = (
					"DEBUG=1",
					"$(inherited)",
				);
				GCC_WARN_64_TO_32_BIT_CONVERSION = YES;
				GCC_WARN_ABOUT_RETURN_TYPE = YES_ERROR;
				GCC_WARN_UNDECLARED_SELECTOR = YES;
				GCC_WARN_UNINITIALIZED_AUTOS = YES_AGGRESSIVE;
				GCC_WARN_UNUSED_FUNCTION = YES;
				GCC_WARN_UNUSED_VARIABLE = YES;
				IPHONEOS_DEPLOYMENT_TARGET = 13.0;
				MTL_ENABLE_DEBUG_INFO = INCLUDE_SOURCE;
				MTL_FAST_MATH = YES;
				ONLY_ACTIVE_ARCH = YES;
				SDKROOT = iphoneos;
				SWIFT_ACTIVE_COMPILATION_CONDITIONS = DEBUG;
				SWIFT_OPTIMIZATION_LEVEL = "-Onone";
			};
			name = Debug;
		};
		668FB92B23413AB5006C70A1 /* Release */ = {
			isa = XCBuildConfiguration;
			buildSettings = {
				ALWAYS_SEARCH_USER_PATHS = NO;
				CLANG_ANALYZER_NONNULL = YES;
				CLANG_ANALYZER_NUMBER_OBJECT_CONVERSION = YES_AGGRESSIVE;
				CLANG_CXX_LANGUAGE_STANDARD = "gnu++14";
				CLANG_CXX_LIBRARY = "libc++";
				CLANG_ENABLE_MODULES = YES;
				CLANG_ENABLE_OBJC_ARC = YES;
				CLANG_ENABLE_OBJC_WEAK = YES;
				CLANG_WARN_BLOCK_CAPTURE_AUTORELEASING = YES;
				CLANG_WARN_BOOL_CONVERSION = YES;
				CLANG_WARN_COMMA = YES;
				CLANG_WARN_CONSTANT_CONVERSION = YES;
				CLANG_WARN_DEPRECATED_OBJC_IMPLEMENTATIONS = YES;
				CLANG_WARN_DIRECT_OBJC_ISA_USAGE = YES_ERROR;
				CLANG_WARN_DOCUMENTATION_COMMENTS = YES;
				CLANG_WARN_EMPTY_BODY = YES;
				CLANG_WARN_ENUM_CONVERSION = YES;
				CLANG_WARN_INFINITE_RECURSION = YES;
				CLANG_WARN_INT_CONVERSION = YES;
				CLANG_WARN_NON_LITERAL_NULL_CONVERSION = YES;
				CLANG_WARN_OBJC_IMPLICIT_RETAIN_SELF = YES;
				CLANG_WARN_OBJC_LITERAL_CONVERSION = YES;
				CLANG_WARN_OBJC_ROOT_CLASS = YES_ERROR;
				CLANG_WARN_RANGE_LOOP_ANALYSIS = YES;
				CLANG_WARN_STRICT_PROTOTYPES = YES;
				CLANG_WARN_SUSPICIOUS_MOVE = YES;
				CLANG_WARN_UNGUARDED_AVAILABILITY = YES_AGGRESSIVE;
				CLANG_WARN_UNREACHABLE_CODE = YES;
				CLANG_WARN__DUPLICATE_METHOD_MATCH = YES;
				COPY_PHASE_STRIP = NO;
				DEBUG_INFORMATION_FORMAT = "dwarf-with-dsym";
				ENABLE_NS_ASSERTIONS = NO;
				ENABLE_STRICT_OBJC_MSGSEND = YES;
				GCC_C_LANGUAGE_STANDARD = gnu11;
				GCC_NO_COMMON_BLOCKS = YES;
				GCC_WARN_64_TO_32_BIT_CONVERSION = YES;
				GCC_WARN_ABOUT_RETURN_TYPE = YES_ERROR;
				GCC_WARN_UNDECLARED_SELECTOR = YES;
				GCC_WARN_UNINITIALIZED_AUTOS = YES_AGGRESSIVE;
				GCC_WARN_UNUSED_FUNCTION = YES;
				GCC_WARN_UNUSED_VARIABLE = YES;
				IPHONEOS_DEPLOYMENT_TARGET = 13.0;
				MTL_ENABLE_DEBUG_INFO = NO;
				MTL_FAST_MATH = YES;
				SDKROOT = iphoneos;
				SWIFT_COMPILATION_MODE = wholemodule;
				SWIFT_OPTIMIZATION_LEVEL = "-O";
				VALIDATE_PRODUCT = YES;
			};
			name = Release;
		};
		668FB92D23413AB5006C70A1 /* Debug */ = {
			isa = XCBuildConfiguration;
			baseConfigurationReference = D9F0E44361E4ACFD8C64B1A9 /* Pods-MyPlaces.debug.xcconfig */;
			buildSettings = {
				ASSETCATALOG_COMPILER_APPICON_NAME = AppIcon;
				CODE_SIGN_ENTITLEMENTS = "MyPlaces/Support files/MyPlaces.entitlements";
				CODE_SIGN_STYLE = Automatic;
				CURRENT_PROJECT_VERSION = 3;
				DEVELOPMENT_TEAM = 5GWB2H668N;
				INFOPLIST_FILE = "MyPlaces/Support files/Info.plist";
				LD_RUNPATH_SEARCH_PATHS = (
					"$(inherited)",
					"@executable_path/Frameworks",
				);
				MARKETING_VERSION = 1.1;
				PRODUCT_BUNDLE_IDENTIFIER = slemeshaev.MyPlacesCloud;
				PRODUCT_NAME = "$(TARGET_NAME)";
				SWIFT_VERSION = 5.0;
				TARGETED_DEVICE_FAMILY = 1;
			};
			name = Debug;
		};
		668FB92E23413AB5006C70A1 /* Release */ = {
			isa = XCBuildConfiguration;
			baseConfigurationReference = 566FDA02B66CD97AB7D19252 /* Pods-MyPlaces.release.xcconfig */;
			buildSettings = {
				ASSETCATALOG_COMPILER_APPICON_NAME = AppIcon;
				CODE_SIGN_ENTITLEMENTS = "MyPlaces/Support files/MyPlaces.entitlements";
				CODE_SIGN_STYLE = Automatic;
				CURRENT_PROJECT_VERSION = 3;
				DEVELOPMENT_TEAM = 5GWB2H668N;
				INFOPLIST_FILE = "MyPlaces/Support files/Info.plist";
				LD_RUNPATH_SEARCH_PATHS = (
					"$(inherited)",
					"@executable_path/Frameworks",
				);
				MARKETING_VERSION = 1.1;
				PRODUCT_BUNDLE_IDENTIFIER = slemeshaev.MyPlacesCloud;
				PRODUCT_NAME = "$(TARGET_NAME)";
				SWIFT_VERSION = 5.0;
				TARGETED_DEVICE_FAMILY = 1;
			};
			name = Release;
		};
/* End XCBuildConfiguration section */

/* Begin XCConfigurationList section */
		668FB91323413AB4006C70A1 /* Build configuration list for PBXProject "MyPlaces" */ = {
			isa = XCConfigurationList;
			buildConfigurations = (
				668FB92A23413AB5006C70A1 /* Debug */,
				668FB92B23413AB5006C70A1 /* Release */,
			);
			defaultConfigurationIsVisible = 0;
			defaultConfigurationName = Release;
		};
		668FB92C23413AB5006C70A1 /* Build configuration list for PBXNativeTarget "MyPlaces" */ = {
			isa = XCConfigurationList;
			buildConfigurations = (
				668FB92D23413AB5006C70A1 /* Debug */,
				668FB92E23413AB5006C70A1 /* Release */,
			);
			defaultConfigurationIsVisible = 0;
			defaultConfigurationName = Release;
		};
/* End XCConfigurationList section */
	};
	rootObject = 668FB91023413AB4006C70A1 /* Project object */;
}
